
Microsoft Visual Studio Solution File, Format Version 12.00
# Visual Studio 15
VisualStudioVersion = 15.0.27004.2009
MinimumVisualStudioVersion = 10.0.40219.1
Project("{E24C65DC-7377-472B-9ABA-BC803B73C61A}") = "Reptlie", "Reptlie\", "{1A02D73B-F28D-40F6-A2C8-A86C105550F7}"
	ProjectSection(WebsiteProperties) = preProject
		TargetFrameworkMoniker = ".NETFramework,Version%3Dv4.6.1"
		ProjectReferences = "{0cdcd537-4b0e-4514-966f-f425cdc92ba4}|Abot.dll;"
		Debug.AspNetCompiler.VirtualPath = "/localhost_49459"
		Debug.AspNetCompiler.PhysicalPath = "Reptlie\"
		Debug.AspNetCompiler.TargetPath = "PrecompiledWeb\localhost_49459\"
		Debug.AspNetCompiler.Updateable = "true"
		Debug.AspNetCompiler.ForceOverwrite = "true"
		Debug.AspNetCompiler.FixedNames = "false"
		Debug.AspNetCompiler.Debug = "True"
		Release.AspNetCompiler.VirtualPath = "/localhost_49459"
		Release.AspNetCompiler.PhysicalPath = "Reptlie\"
		Release.AspNetCompiler.TargetPath = "PrecompiledWeb\localhost_49459\"
		Release.AspNetCompiler.Updateable = "true"
		Release.AspNetCompiler.ForceOverwrite = "true"
		Release.AspNetCompiler.FixedNames = "false"
		Release.AspNetCompiler.Debug = "False"
		VWDPort = "49459"
		SlnRelativePath = "Reptlie\"
		DefaultWebSiteLanguage = "Visual C#"
	EndProjectSection
EndProject
Project("{FAE04EC0-301F-11D3-BF4B-00C04F79EFBC}") = "Abot", "Abot\Abot.csproj", "{0CDCD537-4B0E-4514-966F-F425CDC92BA4}"
EndProject
Global
	GlobalSection(SolutionConfigurationPlatforms) = preSolution
		Debug|Any CPU = Debug|Any CPU
		Release|Any CPU = Release|Any CPU
	EndGlobalSection
	GlobalSection(ProjectConfigurationPlatforms) = postSolution
		{1A02D73B-F28D-40F6-A2C8-A86C105550F7}.Debug|Any CPU.ActiveCfg = Debug|Any CPU
		{1A02D73B-F28D-40F6-A2C8-A86C105550F7}.Debug|Any CPU.Build.0 = Debug|Any CPU
		{1A02D73B-F28D-40F6-A2C8-A86C105550F7}.Release|Any CPU.ActiveCfg = Debug|Any CPU
		{1A02D73B-F28D-40F6-A2C8-A86C105550F7}.Release|Any CPU.Build.0 = Debug|Any CPU
		{0CDCD537-4B0E-4514-966F-F425CDC92BA4}.Debug|Any CPU.ActiveCfg = Debug|Any CPU
		{0CDCD537-4B0E-4514-966F-F425CDC92BA4}.Debug|Any CPU.Build.0 = Debug|Any CPU
		{0CDCD537-4B0E-4514-966F-F425CDC92BA4}.Release|Any CPU.ActiveCfg = Release|Any CPU
		{0CDCD537-4B0E-4514-966F-F425CDC92BA4}.Release|Any CPU.Build.0 = Release|Any CPU
	EndGlobalSection
	GlobalSection(SolutionProperties) = preSolution
		HideSolutionNode = FALSE
	EndGlobalSection
	GlobalSection(ExtensibilityGlobals) = postSolution
		SolutionGuid = {54B420AD-885C-4F6B-9F11-C30B65D71539}
	EndGlobalSection
EndGlobal
